PODS:
  - ELKChainedAlloy (1.1.1):
    - ELKChainedAlloy/Foundation (= 1.1.1)
    - ELKChainedAlloy/UIKit (= 1.1.1)
  - ELKChainedAlloy/Foundation (1.1.1)
  - ELKChainedAlloy/UIKit (1.1.1)
  - ELKTencentOpenSDK (3.3.7)
  - ELKWeiboSDK (3.2.5.1)
  - Masonry (1.1.0)
  - WechatOpenSDK (1.8.6)

DEPENDENCIES:
  - ELKChainedAlloy
  - ELKTencentOpenSDK
  - ELKWeiboSDK
  - Masonry
  - WechatOpenSDK

SPEC REPOS:
  https://github.com/cocoapods/specs.git:
    - ELKChainedAlloy
    - ELKTencentOpenSDK
    - ELKWeiboSDK
    - Masonry
    - WechatOpenSDK

SPEC CHECKSUMS:
  ELKChainedAlloy: 9c8dd951f5f3589ae570056f31504469839ebb8f
  ELKTencentOpenSDK: c01548bfc64e0bc05d3f019cebcb48221498b803
  ELKWeiboSDK: abe6290f97345f4b90a201c6af34eab03b6056dc
  Masonry: 678fab65091a9290e40e2832a55e7ab731aad201
  WechatOpenSDK: 368ae03b72ee3ea1328c4f11326fbb5d2721d118

PODFILE CHECKSUM: 37e84d80358378047f15f2bdb0ed1bf9999f09b1

COCOAPODS: 1.7.5
