// !$*UTF8*$!
{
	archiveVersion = 1;
	classes = {
	};
	objectVersion = 51;
	objects = {

/* Begin PBXBuildFile section */
		A86292566017671C32E792A4 /* Pods_ELKCommon_master.framework in Frameworks */ = {isa = PBXBuildFile; fileRef = D8D80153B5C28980059C7404 /* Pods_ELKCommon_master.framework */; };
		AB2DC843236C47300037D043 /* AppDelegate.m in Sources */ = {isa = PBXBuildFile; fileRef = AB2DC842236C47300037D043 /* AppDelegate.m */; };
		AB2DC849236C47300037D043 /* ARootViewController.m in Sources */ = {isa = PBXBuildFile; fileRef = AB2DC848236C47300037D043 /* ARootViewController.m */; };
		AB2DC84C236C47300037D043 /* Main.storyboard in Resources */ = {isa = PBXBuildFile; fileRef = AB2DC84A236C47300037D043 /* Main.storyboard */; };
		AB2DC84E236C47310037D043 /* Assets.xcassets in Resources */ = {isa = PBXBuildFile; fileRef = AB2DC84D236C47310037D043 /* Assets.xcassets */; };
		AB2DC851236C47310037D043 /* LaunchScreen.storyboard in Resources */ = {isa = PBXBuildFile; fileRef = AB2DC84F236C47310037D043 /* LaunchScreen.storyboard */; };
		AB2DC854236C47310037D043 /* main.m in Sources */ = {isa = PBXBuildFile; fileRef = AB2DC853236C47310037D043 /* main.m */; };
		AB2DC85E236C47310037D043 /* ELKCommon_masterTests.m in Sources */ = {isa = PBXBuildFile; fileRef = AB2DC85D236C47310037D043 /* ELKCommon_masterTests.m */; };
		AB2DC869236C47310037D043 /* ELKCommon_masterUITests.m in Sources */ = {isa = PBXBuildFile; fileRef = AB2DC868236C47310037D043 /* ELKCommon_masterUITests.m */; };
		ABB1F5A823978FB600503B39 /* TencentOpenAPI.framework in Frameworks */ = {isa = PBXBuildFile; fileRef = ABB1F5A723978FB600503B39 /* TencentOpenAPI.framework */; };
		ABB1F5B323978FF100503B39 /* WeiboSDK.bundle in Resources */ = {isa = PBXBuildFile; fileRef = ABB1F5AA23978FF100503B39 /* WeiboSDK.bundle */; };
		ABB1F5B423978FF100503B39 /* libWeiboSDK.a in Frameworks */ = {isa = PBXBuildFile; fileRef = ABB1F5AB23978FF100503B39 /* libWeiboSDK.a */; };
		ABB1F5B523978FF100503B39 /* libWeChatSDK.a in Frameworks */ = {isa = PBXBuildFile; fileRef = ABB1F5B223978FF100503B39 /* libWeChatSDK.a */; };
		ABE0C7AC236DE4DA00D42841 /* UIImage+ELKMCommon.m in Sources */ = {isa = PBXBuildFile; fileRef = ABE0C78E236DE4DA00D42841 /* UIImage+ELKMCommon.m */; };
		ABE0C7AD236DE4DA00D42841 /* ELKTencentSDKMaster.m in Sources */ = {isa = PBXBuildFile; fileRef = ABE0C792236DE4DA00D42841 /* ELKTencentSDKMaster.m */; };
		ABE0C7AE236DE4DA00D42841 /* ELKTencentShareModel.m in Sources */ = {isa = PBXBuildFile; fileRef = ABE0C795236DE4DA00D42841 /* ELKTencentShareModel.m */; };
		ABE0C7AF236DE4DA00D42841 /* ELKTencentUserInfo.m in Sources */ = {isa = PBXBuildFile; fileRef = ABE0C796236DE4DA00D42841 /* ELKTencentUserInfo.m */; };
		ABE0C7B0236DE4DA00D42841 /* ELKCommonMaster.m in Sources */ = {isa = PBXBuildFile; fileRef = ABE0C798236DE4DA00D42841 /* ELKCommonMaster.m */; };
		ABE0C7B1236DE4DA00D42841 /* ELKWeChatPayModel.m in Sources */ = {isa = PBXBuildFile; fileRef = ABE0C79C236DE4DA00D42841 /* ELKWeChatPayModel.m */; };
		ABE0C7B2236DE4DA00D42841 /* ELKWeChatUserInfo.m in Sources */ = {isa = PBXBuildFile; fileRef = ABE0C79D236DE4DA00D42841 /* ELKWeChatUserInfo.m */; };
		ABE0C7B3236DE4DA00D42841 /* ELKWeChatShareModel.m in Sources */ = {isa = PBXBuildFile; fileRef = ABE0C79E236DE4DA00D42841 /* ELKWeChatShareModel.m */; };
		ABE0C7B4236DE4DA00D42841 /* ELKWeChatSDKMaster.m in Sources */ = {isa = PBXBuildFile; fileRef = ABE0C7A2236DE4DA00D42841 /* ELKWeChatSDKMaster.m */; };
		ABE0C7B5236DE4DA00D42841 /* ELKSinaSDKMaster.m in Sources */ = {isa = PBXBuildFile; fileRef = ABE0C7A4236DE4DA00D42841 /* ELKSinaSDKMaster.m */; };
		ABE0C7B6236DE4DA00D42841 /* ELKSinaUserInfo.m in Sources */ = {isa = PBXBuildFile; fileRef = ABE0C7A7236DE4DA00D42841 /* ELKSinaUserInfo.m */; };
		ABE0C7B7236DE4DA00D42841 /* ELKSinaShareModel.m in Sources */ = {isa = PBXBuildFile; fileRef = ABE0C7A8236DE4DA00D42841 /* ELKSinaShareModel.m */; };
		ABE0C7DE236DEDA300D42841 /* libiconv.tbd in Frameworks */ = {isa = PBXBuildFile; fileRef = ABE0C7DD236DEDA300D42841 /* libiconv.tbd */; };
		ABE0C7E0236DEDAE00D42841 /* SystemConfiguration.framework in Frameworks */ = {isa = PBXBuildFile; fileRef = ABE0C7DF236DEDAE00D42841 /* SystemConfiguration.framework */; };
		ABE0C7E2236DEDB600D42841 /* Security.framework in Frameworks */ = {isa = PBXBuildFile; fileRef = ABE0C7E1236DEDB600D42841 /* Security.framework */; };
		ABE0C7E4236DEDC200D42841 /* CoreTelephony.framework in Frameworks */ = {isa = PBXBuildFile; fileRef = ABE0C7E3236DEDC200D42841 /* CoreTelephony.framework */; };
		ABE0C7E6236DEDCD00D42841 /* CoreGraphics.framework in Frameworks */ = {isa = PBXBuildFile; fileRef = ABE0C7E5236DEDCD00D42841 /* CoreGraphics.framework */; };
		ABE0C7E8236DEF0D00D42841 /* WebKit.framework in Frameworks */ = {isa = PBXBuildFile; fileRef = ABE0C7E7236DEF0D00D42841 /* WebKit.framework */; };
		ABE0C7EA236DEF9800D42841 /* Foundation.framework in Frameworks */ = {isa = PBXBuildFile; fileRef = ABE0C7E9236DEF9800D42841 /* Foundation.framework */; };
		ABE0C7EC236DEF9F00D42841 /* UIKit.framework in Frameworks */ = {isa = PBXBuildFile; fileRef = ABE0C7EB236DEF9F00D42841 /* UIKit.framework */; };
		ABE0C7EE236DF0D600D42841 /* CoreText.framework in Frameworks */ = {isa = PBXBuildFile; fileRef = ABE0C7ED236DF0D500D42841 /* CoreText.framework */; };
		ABE0C7F0236DF0E300D42841 /* QuartzCore.framework in Frameworks */ = {isa = PBXBuildFile; fileRef = ABE0C7EF236DF0E300D42841 /* QuartzCore.framework */; };
		ABE0C7F2236DF0F200D42841 /* ImageIO.framework in Frameworks */ = {isa = PBXBuildFile; fileRef = ABE0C7F1236DF0F200D42841 /* ImageIO.framework */; };
		ABE0C80B236DF96900D42841 /* libc++.tbd in Frameworks */ = {isa = PBXBuildFile; fileRef = ABE0C80A236DF96900D42841 /* libc++.tbd */; };
/* End PBXBuildFile section */

/* Begin PBXContainerItemProxy section */
		AB2DC85A236C47310037D043 /* PBXContainerItemProxy */ = {
			isa = PBXContainerItemProxy;
			containerPortal = AB2DC836236C472F0037D043 /* Project object */;
			proxyType = 1;
			remoteGlobalIDString = AB2DC83D236C472F0037D043;
			remoteInfo = "ELKCommon-master";
		};
		AB2DC865236C47310037D043 /* PBXContainerItemProxy */ = {
			isa = PBXContainerItemProxy;
			containerPortal = AB2DC836236C472F0037D043 /* Project object */;
			proxyType = 1;
			remoteGlobalIDString = AB2DC83D236C472F0037D043;
			remoteInfo = "ELKCommon-master";
		};
/* End PBXContainerItemProxy section */

/* Begin PBXFileReference section */
		9CE56F46A26DA2D72E9B0E02 /* Pods-ELKCommon-master.debug.xcconfig */ = {isa = PBXFileReference; includeInIndex = 1; lastKnownFileType = text.xcconfig; name = "Pods-ELKCommon-master.debug.xcconfig"; path = "Target Support Files/Pods-ELKCommon-master/Pods-ELKCommon-master.debug.xcconfig"; sourceTree = "<group>"; };
		AB2DC83E236C47300037D043 /* ELKCommon-master.app */ = {isa = PBXFileReference; explicitFileType = wrapper.application; includeInIndex = 0; path = "ELKCommon-master.app"; sourceTree = BUILT_PRODUCTS_DIR; };
		AB2DC841236C47300037D043 /* AppDelegate.h */ = {isa = PBXFileReference; lastKnownFileType = sourcecode.c.h; path = AppDelegate.h; sourceTree = "<group>"; };
		AB2DC842236C47300037D043 /* AppDelegate.m */ = {isa = PBXFileReference; lastKnownFileType = sourcecode.c.objc; path = AppDelegate.m; sourceTree = "<group>"; };
		AB2DC847236C47300037D043 /* ARootViewController.h */ = {isa = PBXFileReference; lastKnownFileType = sourcecode.c.h; path = ARootViewController.h; sourceTree = "<group>"; };
		AB2DC848236C47300037D043 /* ARootViewController.m */ = {isa = PBXFileReference; lastKnownFileType = sourcecode.c.objc; path = ARootViewController.m; sourceTree = "<group>"; };
		AB2DC84B236C47300037D043 /* Base */ = {isa = PBXFileReference; lastKnownFileType = file.storyboard; name = Base; path = Base.lproj/Main.storyboard; sourceTree = "<group>"; };
		AB2DC84D236C47310037D043 /* Assets.xcassets */ = {isa = PBXFileReference; lastKnownFileType = folder.assetcatalog; path = Assets.xcassets; sourceTree = "<group>"; };
		AB2DC850236C47310037D043 /* Base */ = {isa = PBXFileReference; lastKnownFileType = file.storyboard; name = Base; path = Base.lproj/LaunchScreen.storyboard; sourceTree = "<group>"; };
		AB2DC852236C47310037D043 /* Info.plist */ = {isa = PBXFileReference; lastKnownFileType = text.plist.xml; path = Info.plist; sourceTree = "<group>"; };
		AB2DC853236C47310037D043 /* main.m */ = {isa = PBXFileReference; lastKnownFileType = sourcecode.c.objc; path = main.m; sourceTree = "<group>"; };
		AB2DC859236C47310037D043 /* ELKCommon-masterTests.xctest */ = {isa = PBXFileReference; explicitFileType = wrapper.cfbundle; includeInIndex = 0; path = "ELKCommon-masterTests.xctest"; sourceTree = BUILT_PRODUCTS_DIR; };
		AB2DC85D236C47310037D043 /* ELKCommon_masterTests.m */ = {isa = PBXFileReference; lastKnownFileType = sourcecode.c.objc; path = ELKCommon_masterTests.m; sourceTree = "<group>"; };
		AB2DC85F236C47310037D043 /* Info.plist */ = {isa = PBXFileReference; lastKnownFileType = text.plist.xml; path = Info.plist; sourceTree = "<group>"; };
		AB2DC864236C47310037D043 /* ELKCommon-masterUITests.xctest */ = {isa = PBXFileReference; explicitFileType = wrapper.cfbundle; includeInIndex = 0; path = "ELKCommon-masterUITests.xctest"; sourceTree = BUILT_PRODUCTS_DIR; };
		AB2DC868236C47310037D043 /* ELKCommon_masterUITests.m */ = {isa = PBXFileReference; lastKnownFileType = sourcecode.c.objc; path = ELKCommon_masterUITests.m; sourceTree = "<group>"; };
		AB2DC86A236C47310037D043 /* Info.plist */ = {isa = PBXFileReference; lastKnownFileType = text.plist.xml; path = Info.plist; sourceTree = "<group>"; };
		ABB1F5A723978FB600503B39 /* TencentOpenAPI.framework */ = {isa = PBXFileReference; lastKnownFileType = wrapper.framework; path = TencentOpenAPI.framework; sourceTree = "<group>"; };
		ABB1F5AA23978FF100503B39 /* WeiboSDK.bundle */ = {isa = PBXFileReference; lastKnownFileType = "wrapper.plug-in"; path = WeiboSDK.bundle; sourceTree = "<group>"; };
		ABB1F5AB23978FF100503B39 /* libWeiboSDK.a */ = {isa = PBXFileReference; lastKnownFileType = archive.ar; path = libWeiboSDK.a; sourceTree = "<group>"; };
		ABB1F5AC23978FF100503B39 /* WBHttpRequest.h */ = {isa = PBXFileReference; fileEncoding = 4; lastKnownFileType = sourcecode.c.h; path = WBHttpRequest.h; sourceTree = "<group>"; };
		ABB1F5AD23978FF100503B39 /* WeiboSDK.h */ = {isa = PBXFileReference; fileEncoding = 4; lastKnownFileType = sourcecode.c.h; path = WeiboSDK.h; sourceTree = "<group>"; };
		ABB1F5AF23978FF100503B39 /* WXApi.h */ = {isa = PBXFileReference; fileEncoding = 4; lastKnownFileType = sourcecode.c.h; path = WXApi.h; sourceTree = "<group>"; };
		ABB1F5B023978FF100503B39 /* WXApiObject.h */ = {isa = PBXFileReference; fileEncoding = 4; lastKnownFileType = sourcecode.c.h; path = WXApiObject.h; sourceTree = "<group>"; };
		ABB1F5B123978FF100503B39 /* WechatAuthSDK.h */ = {isa = PBXFileReference; fileEncoding = 4; lastKnownFileType = sourcecode.c.h; path = WechatAuthSDK.h; sourceTree = "<group>"; };
		ABB1F5B223978FF100503B39 /* libWeChatSDK.a */ = {isa = PBXFileReference; lastKnownFileType = archive.ar; path = libWeChatSDK.a; sourceTree = "<group>"; };
		ABE0C78E236DE4DA00D42841 /* UIImage+ELKMCommon.m */ = {isa = PBXFileReference; fileEncoding = 4; lastKnownFileType = sourcecode.c.objc; path = "UIImage+ELKMCommon.m"; sourceTree = "<group>"; };
		ABE0C78F236DE4DA00D42841 /* UIImage+ELKMCommon.h */ = {isa = PBXFileReference; fileEncoding = 4; lastKnownFileType = sourcecode.c.h; path = "UIImage+ELKMCommon.h"; sourceTree = "<group>"; };
		ABE0C791236DE4DA00D42841 /* ELKTencentSDKMaster.h */ = {isa = PBXFileReference; fileEncoding = 4; lastKnownFileType = sourcecode.c.h; path = ELKTencentSDKMaster.h; sourceTree = "<group>"; };
		ABE0C792236DE4DA00D42841 /* ELKTencentSDKMaster.m */ = {isa = PBXFileReference; fileEncoding = 4; lastKnownFileType = sourcecode.c.objc; path = ELKTencentSDKMaster.m; sourceTree = "<group>"; };
		ABE0C794236DE4DA00D42841 /* ELKTencentUserInfo.h */ = {isa = PBXFileReference; fileEncoding = 4; lastKnownFileType = sourcecode.c.h; path = ELKTencentUserInfo.h; sourceTree = "<group>"; };
		ABE0C795236DE4DA00D42841 /* ELKTencentShareModel.m */ = {isa = PBXFileReference; fileEncoding = 4; lastKnownFileType = sourcecode.c.objc; path = ELKTencentShareModel.m; sourceTree = "<group>"; };
		ABE0C796236DE4DA00D42841 /* ELKTencentUserInfo.m */ = {isa = PBXFileReference; fileEncoding = 4; lastKnownFileType = sourcecode.c.objc; path = ELKTencentUserInfo.m; sourceTree = "<group>"; };
		ABE0C797236DE4DA00D42841 /* ELKTencentShareModel.h */ = {isa = PBXFileReference; fileEncoding = 4; lastKnownFileType = sourcecode.c.h; path = ELKTencentShareModel.h; sourceTree = "<group>"; };
		ABE0C798236DE4DA00D42841 /* ELKCommonMaster.m */ = {isa = PBXFileReference; fileEncoding = 4; lastKnownFileType = sourcecode.c.objc; path = ELKCommonMaster.m; sourceTree = "<group>"; };
		ABE0C79A236DE4DA00D42841 /* ELKWeChatSDKMaster.h */ = {isa = PBXFileReference; fileEncoding = 4; lastKnownFileType = sourcecode.c.h; path = ELKWeChatSDKMaster.h; sourceTree = "<group>"; };
		ABE0C79C236DE4DA00D42841 /* ELKWeChatPayModel.m */ = {isa = PBXFileReference; fileEncoding = 4; lastKnownFileType = sourcecode.c.objc; path = ELKWeChatPayModel.m; sourceTree = "<group>"; };
		ABE0C79D236DE4DA00D42841 /* ELKWeChatUserInfo.m */ = {isa = PBXFileReference; fileEncoding = 4; lastKnownFileType = sourcecode.c.objc; path = ELKWeChatUserInfo.m; sourceTree = "<group>"; };
		ABE0C79E236DE4DA00D42841 /* ELKWeChatShareModel.m */ = {isa = PBXFileReference; fileEncoding = 4; lastKnownFileType = sourcecode.c.objc; path = ELKWeChatShareModel.m; sourceTree = "<group>"; };
		ABE0C79F236DE4DA00D42841 /* ELKWeChatPayModel.h */ = {isa = PBXFileReference; fileEncoding = 4; lastKnownFileType = sourcecode.c.h; path = ELKWeChatPayModel.h; sourceTree = "<group>"; };
		ABE0C7A0236DE4DA00D42841 /* ELKWeChatUserInfo.h */ = {isa = PBXFileReference; fileEncoding = 4; lastKnownFileType = sourcecode.c.h; path = ELKWeChatUserInfo.h; sourceTree = "<group>"; };
		ABE0C7A1236DE4DA00D42841 /* ELKWeChatShareModel.h */ = {isa = PBXFileReference; fileEncoding = 4; lastKnownFileType = sourcecode.c.h; path = ELKWeChatShareModel.h; sourceTree = "<group>"; };
		ABE0C7A2236DE4DA00D42841 /* ELKWeChatSDKMaster.m */ = {isa = PBXFileReference; fileEncoding = 4; lastKnownFileType = sourcecode.c.objc; path = ELKWeChatSDKMaster.m; sourceTree = "<group>"; };
		ABE0C7A4236DE4DA00D42841 /* ELKSinaSDKMaster.m */ = {isa = PBXFileReference; fileEncoding = 4; lastKnownFileType = sourcecode.c.objc; path = ELKSinaSDKMaster.m; sourceTree = "<group>"; };
		ABE0C7A6236DE4DA00D42841 /* ELKSinaShareModel.h */ = {isa = PBXFileReference; fileEncoding = 4; lastKnownFileType = sourcecode.c.h; path = ELKSinaShareModel.h; sourceTree = "<group>"; };
		ABE0C7A7236DE4DA00D42841 /* ELKSinaUserInfo.m */ = {isa = PBXFileReference; fileEncoding = 4; lastKnownFileType = sourcecode.c.objc; path = ELKSinaUserInfo.m; sourceTree = "<group>"; };
		ABE0C7A8236DE4DA00D42841 /* ELKSinaShareModel.m */ = {isa = PBXFileReference; fileEncoding = 4; lastKnownFileType = sourcecode.c.objc; path = ELKSinaShareModel.m; sourceTree = "<group>"; };
		ABE0C7A9236DE4DA00D42841 /* ELKSinaUserInfo.h */ = {isa = PBXFileReference; fileEncoding = 4; lastKnownFileType = sourcecode.c.h; path = ELKSinaUserInfo.h; sourceTree = "<group>"; };
		ABE0C7AA236DE4DA00D42841 /* ELKSinaSDKMaster.h */ = {isa = PBXFileReference; fileEncoding = 4; lastKnownFileType = sourcecode.c.h; path = ELKSinaSDKMaster.h; sourceTree = "<group>"; };
		ABE0C7AB236DE4DA00D42841 /* ELKCommonMaster.h */ = {isa = PBXFileReference; fileEncoding = 4; lastKnownFileType = sourcecode.c.h; path = ELKCommonMaster.h; sourceTree = "<group>"; };
		ABE0C7D9236DED8A00D42841 /* libz.tbd */ = {isa = PBXFileReference; lastKnownFileType = "sourcecode.text-based-dylib-definition"; name = libz.tbd; path = usr/lib/libz.tbd; sourceTree = SDKROOT; };
		ABE0C7DB236DED9500D42841 /* libsqlite3.tbd */ = {isa = PBXFileReference; lastKnownFileType = "sourcecode.text-based-dylib-definition"; name = libsqlite3.tbd; path = usr/lib/libsqlite3.tbd; sourceTree = SDKROOT; };
		ABE0C7DD236DEDA300D42841 /* libiconv.tbd */ = {isa = PBXFileReference; lastKnownFileType = "sourcecode.text-based-dylib-definition"; name = libiconv.tbd; path = usr/lib/libiconv.tbd; sourceTree = SDKROOT; };
		ABE0C7DF236DEDAE00D42841 /* SystemConfiguration.framework */ = {isa = PBXFileReference; lastKnownFileType = wrapper.framework; name = SystemConfiguration.framework; path = System/Library/Frameworks/SystemConfiguration.framework; sourceTree = SDKROOT; };
		ABE0C7E1236DEDB600D42841 /* Security.framework */ = {isa = PBXFileReference; lastKnownFileType = wrapper.framework; name = Security.framework; path = System/Library/Frameworks/Security.framework; sourceTree = SDKROOT; };
		ABE0C7E3236DEDC200D42841 /* CoreTelephony.framework */ = {isa = PBXFileReference; lastKnownFileType = wrapper.framework; name = CoreTelephony.framework; path = System/Library/Frameworks/CoreTelephony.framework; sourceTree = SDKROOT; };
		ABE0C7E5236DEDCD00D42841 /* CoreGraphics.framework */ = {isa = PBXFileReference; lastKnownFileType = wrapper.framework; name = CoreGraphics.framework; path = System/Library/Frameworks/CoreGraphics.framework; sourceTree = SDKROOT; };
		ABE0C7E7236DEF0D00D42841 /* WebKit.framework */ = {isa = PBXFileReference; lastKnownFileType = wrapper.framework; name = WebKit.framework; path = System/Library/Frameworks/WebKit.framework; sourceTree = SDKROOT; };
		ABE0C7E9236DEF9800D42841 /* Foundation.framework */ = {isa = PBXFileReference; lastKnownFileType = wrapper.framework; name = Foundation.framework; path = System/Library/Frameworks/Foundation.framework; sourceTree = SDKROOT; };
		ABE0C7EB236DEF9F00D42841 /* UIKit.framework */ = {isa = PBXFileReference; lastKnownFileType = wrapper.framework; name = UIKit.framework; path = System/Library/Frameworks/UIKit.framework; sourceTree = SDKROOT; };
		ABE0C7ED236DF0D500D42841 /* CoreText.framework */ = {isa = PBXFileReference; lastKnownFileType = wrapper.framework; name = CoreText.framework; path = System/Library/Frameworks/CoreText.framework; sourceTree = SDKROOT; };
		ABE0C7EF236DF0E300D42841 /* QuartzCore.framework */ = {isa = PBXFileReference; lastKnownFileType = wrapper.framework; name = QuartzCore.framework; path = System/Library/Frameworks/QuartzCore.framework; sourceTree = SDKROOT; };
		ABE0C7F1236DF0F200D42841 /* ImageIO.framework */ = {isa = PBXFileReference; lastKnownFileType = wrapper.framework; name = ImageIO.framework; path = System/Library/Frameworks/ImageIO.framework; sourceTree = SDKROOT; };
		ABE0C80A236DF96900D42841 /* libc++.tbd */ = {isa = PBXFileReference; lastKnownFileType = "sourcecode.text-based-dylib-definition"; name = "libc++.tbd"; path = "usr/lib/libc++.tbd"; sourceTree = SDKROOT; };
		ABF0C0B5236D97AC00DCEC8D /* ELKPrefixHeader.pch */ = {isa = PBXFileReference; lastKnownFileType = sourcecode.c.h; path = ELKPrefixHeader.pch; sourceTree = "<group>"; };
		D8655F343ED8FA2FECA9DC2E /* Pods-ELKCommon-master.release.xcconfig */ = {isa = PBXFileReference; includeInIndex = 1; lastKnownFileType = text.xcconfig; name = "Pods-ELKCommon-master.release.xcconfig"; path = "Target Support Files/Pods-ELKCommon-master/Pods-ELKCommon-master.release.xcconfig"; sourceTree = "<group>"; };
		D8D80153B5C28980059C7404 /* Pods_ELKCommon_master.framework */ = {isa = PBXFileReference; explicitFileType = wrapper.framework; includeInIndex = 0; path = Pods_ELKCommon_master.framework; sourceTree = BUILT_PRODUCTS_DIR; };
/* End PBXFileReference section */

/* Begin PBXFrameworksBuildPhase section */
		AB2DC83B236C472F0037D043 /* Frameworks */ = {
			isa = PBXFrameworksBuildPhase;
			buildActionMask = 2147483647;
			files = (
				ABB1F5A823978FB600503B39 /* TencentOpenAPI.framework in Frameworks */,
				ABE0C80B236DF96900D42841 /* libc++.tbd in Frameworks */,
				ABB1F5B523978FF100503B39 /* libWeChatSDK.a in Frameworks */,
				ABE0C7F2236DF0F200D42841 /* ImageIO.framework in Frameworks */,
				ABE0C7F0236DF0E300D42841 /* QuartzCore.framework in Frameworks */,
				ABE0C7EE236DF0D600D42841 /* CoreText.framework in Frameworks */,
				ABE0C7EC236DEF9F00D42841 /* UIKit.framework in Frameworks */,
				ABE0C7EA236DEF9800D42841 /* Foundation.framework in Frameworks */,
				ABE0C7E8236DEF0D00D42841 /* WebKit.framework in Frameworks */,
				ABE0C7E6236DEDCD00D42841 /* CoreGraphics.framework in Frameworks */,
				ABE0C7E4236DEDC200D42841 /* CoreTelephony.framework in Frameworks */,
				ABB1F5B423978FF100503B39 /* libWeiboSDK.a in Frameworks */,
				ABE0C7E2236DEDB600D42841 /* Security.framework in Frameworks */,
				ABE0C7E0236DEDAE00D42841 /* SystemConfiguration.framework in Frameworks */,
				ABE0C7DE236DEDA300D42841 /* libiconv.tbd in Frameworks */,
				A86292566017671C32E792A4 /* Pods_ELKCommon_master.framework in Frameworks */,
			);
			runOnlyForDeploymentPostprocessing = 0;
		};
		AB2DC856236C47310037D043 /* Frameworks */ = {
			isa = PBXFrameworksBuildPhase;
			buildActionMask = 2147483647;
			files = (
			);
			runOnlyForDeploymentPostprocessing = 0;
		};
		AB2DC861236C47310037D043 /* Frameworks */ = {
			isa = PBXFrameworksBuildPhase;
			buildActionMask = 2147483647;
			files = (
			);
			runOnlyForDeploymentPostprocessing = 0;
		};
/* End PBXFrameworksBuildPhase section */

/* Begin PBXGroup section */
		AB2DC835236C472F0037D043 = {
			isa = PBXGroup;
			children = (
				AB2DC840236C47300037D043 /* ELKCommon-master */,
				AB2DC85C236C47310037D043 /* ELKCommon-masterTests */,
				AB2DC867236C47310037D043 /* ELKCommon-masterUITests */,
				AB2DC83F236C47300037D043 /* Products */,
				D4A318AE498177B8A3E59258 /* Pods */,
				C90847CC23B15EEE2C434A71 /* Frameworks */,
			);
			sourceTree = "<group>";
		};
		AB2DC83F236C47300037D043 /* Products */ = {
			isa = PBXGroup;
			children = (
				AB2DC83E236C47300037D043 /* ELKCommon-master.app */,
				AB2DC859236C47310037D043 /* ELKCommon-masterTests.xctest */,
				AB2DC864236C47310037D043 /* ELKCommon-masterUITests.xctest */,
			);
			name = Products;
			sourceTree = "<group>";
		};
		AB2DC840236C47300037D043 /* ELKCommon-master */ = {
			isa = PBXGroup;
			children = (
				AB2DC841236C47300037D043 /* AppDelegate.h */,
				AB2DC842236C47300037D043 /* AppDelegate.m */,
				AB2DC847236C47300037D043 /* ARootViewController.h */,
				AB2DC848236C47300037D043 /* ARootViewController.m */,
				ABE0C78C236DE4DA00D42841 /* ELKCommonMaster */,
				ABE0C80D236E852400D42841 /* ELKCommonSDK */,
				ABF0C0B3236D7EAA00DCEC8D /* Others */,
				ABF0C0B4236D7EC300DCEC8D /* Resources */,
			);
			path = "ELKCommon-master";
			sourceTree = "<group>";
		};
		AB2DC85C236C47310037D043 /* ELKCommon-masterTests */ = {
			isa = PBXGroup;
			children = (
				AB2DC85D236C47310037D043 /* ELKCommon_masterTests.m */,
				AB2DC85F236C47310037D043 /* Info.plist */,
			);
			path = "ELKCommon-masterTests";
			sourceTree = "<group>";
		};
		AB2DC867236C47310037D043 /* ELKCommon-masterUITests */ = {
			isa = PBXGroup;
			children = (
				AB2DC868236C47310037D043 /* ELKCommon_masterUITests.m */,
				AB2DC86A236C47310037D043 /* Info.plist */,
			);
			path = "ELKCommon-masterUITests";
			sourceTree = "<group>";
		};
		ABB1F5A623978FB600503B39 /* ELKTencentSDK */ = {
			isa = PBXGroup;
			children = (
				ABB1F5A723978FB600503B39 /* TencentOpenAPI.framework */,
			);
			path = ELKTencentSDK;
			sourceTree = "<group>";
		};
		ABB1F5A923978FF100503B39 /* ELKSinaSDK */ = {
			isa = PBXGroup;
			children = (
				ABB1F5AA23978FF100503B39 /* WeiboSDK.bundle */,
				ABB1F5AB23978FF100503B39 /* libWeiboSDK.a */,
				ABB1F5AC23978FF100503B39 /* WBHttpRequest.h */,
				ABB1F5AD23978FF100503B39 /* WeiboSDK.h */,
			);
			path = ELKSinaSDK;
			sourceTree = "<group>";
		};
		ABB1F5AE23978FF100503B39 /* ELKWeChatSDK */ = {
			isa = PBXGroup;
			children = (
				ABB1F5AF23978FF100503B39 /* WXApi.h */,
				ABB1F5B023978FF100503B39 /* WXApiObject.h */,
				ABB1F5B123978FF100503B39 /* WechatAuthSDK.h */,
				ABB1F5B223978FF100503B39 /* libWeChatSDK.a */,
			);
			path = ELKWeChatSDK;
			sourceTree = "<group>";
		};
		ABE0C78C236DE4DA00D42841 /* ELKCommonMaster */ = {
			isa = PBXGroup;
			children = (
				ABE0C7AB236DE4DA00D42841 /* ELKCommonMaster.h */,
				ABE0C798236DE4DA00D42841 /* ELKCommonMaster.m */,
				ABE0C78D236DE4DA00D42841 /* ELKModule */,
				ABE0C7A3236DE4DA00D42841 /* ELKSina */,
				ABE0C790236DE4DA00D42841 /* ELKTencent */,
				ABE0C799236DE4DA00D42841 /* ELKWeChat */,
			);
			path = ELKCommonMaster;
			sourceTree = SOURCE_ROOT;
		};
		ABE0C78D236DE4DA00D42841 /* ELKModule */ = {
			isa = PBXGroup;
			children = (
				ABE0C78F236DE4DA00D42841 /* UIImage+ELKMCommon.h */,
				ABE0C78E236DE4DA00D42841 /* UIImage+ELKMCommon.m */,
			);
			path = ELKModule;
			sourceTree = "<group>";
		};
		ABE0C790236DE4DA00D42841 /* ELKTencent */ = {
			isa = PBXGroup;
			children = (
				ABE0C791236DE4DA00D42841 /* ELKTencentSDKMaster.h */,
				ABE0C792236DE4DA00D42841 /* ELKTencentSDKMaster.m */,
				ABE0C793236DE4DA00D42841 /* Model */,
			);
			path = ELKTencent;
			sourceTree = "<group>";
		};
		ABE0C793236DE4DA00D42841 /* Model */ = {
			isa = PBXGroup;
			children = (
				ABE0C797236DE4DA00D42841 /* ELKTencentShareModel.h */,
				ABE0C795236DE4DA00D42841 /* ELKTencentShareModel.m */,
				ABE0C794236DE4DA00D42841 /* ELKTencentUserInfo.h */,
				ABE0C796236DE4DA00D42841 /* ELKTencentUserInfo.m */,
			);
			path = Model;
			sourceTree = "<group>";
		};
		ABE0C799236DE4DA00D42841 /* ELKWeChat */ = {
			isa = PBXGroup;
			children = (
				ABE0C79A236DE4DA00D42841 /* ELKWeChatSDKMaster.h */,
				ABE0C7A2236DE4DA00D42841 /* ELKWeChatSDKMaster.m */,
				ABE0C79B236DE4DA00D42841 /* Model */,
			);
			path = ELKWeChat;
			sourceTree = "<group>";
		};
		ABE0C79B236DE4DA00D42841 /* Model */ = {
			isa = PBXGroup;
			children = (
				ABE0C79F236DE4DA00D42841 /* ELKWeChatPayModel.h */,
				ABE0C79C236DE4DA00D42841 /* ELKWeChatPayModel.m */,
				ABE0C7A1236DE4DA00D42841 /* ELKWeChatShareModel.h */,
				ABE0C79E236DE4DA00D42841 /* ELKWeChatShareModel.m */,
				ABE0C7A0236DE4DA00D42841 /* ELKWeChatUserInfo.h */,
				ABE0C79D236DE4DA00D42841 /* ELKWeChatUserInfo.m */,
			);
			path = Model;
			sourceTree = "<group>";
		};
		ABE0C7A3236DE4DA00D42841 /* ELKSina */ = {
			isa = PBXGroup;
			children = (
				ABE0C7AA236DE4DA00D42841 /* ELKSinaSDKMaster.h */,
				ABE0C7A4236DE4DA00D42841 /* ELKSinaSDKMaster.m */,
				ABE0C7A5236DE4DA00D42841 /* Model */,
			);
			path = ELKSina;
			sourceTree = "<group>";
		};
		ABE0C7A5236DE4DA00D42841 /* Model */ = {
			isa = PBXGroup;
			children = (
				ABE0C7A6236DE4DA00D42841 /* ELKSinaShareModel.h */,
				ABE0C7A8236DE4DA00D42841 /* ELKSinaShareModel.m */,
				ABE0C7A9236DE4DA00D42841 /* ELKSinaUserInfo.h */,
				ABE0C7A7236DE4DA00D42841 /* ELKSinaUserInfo.m */,
			);
			path = Model;
			sourceTree = "<group>";
		};
		ABE0C80D236E852400D42841 /* ELKCommonSDK */ = {
			isa = PBXGroup;
			children = (
				ABB1F5A923978FF100503B39 /* ELKSinaSDK */,
				ABB1F5A623978FB600503B39 /* ELKTencentSDK */,
				ABB1F5AE23978FF100503B39 /* ELKWeChatSDK */,
			);
			path = ELKCommonSDK;
			sourceTree = SOURCE_ROOT;
		};
		ABF0C0B3236D7EAA00DCEC8D /* Others */ = {
			isa = PBXGroup;
			children = (
				ABF0C0B5236D97AC00DCEC8D /* ELKPrefixHeader.pch */,
				AB2DC852236C47310037D043 /* Info.plist */,
				AB2DC84F236C47310037D043 /* LaunchScreen.storyboard */,
				AB2DC853236C47310037D043 /* main.m */,
				AB2DC84A236C47300037D043 /* Main.storyboard */,
			);
			path = Others;
			sourceTree = "<group>";
		};
		ABF0C0B4236D7EC300DCEC8D /* Resources */ = {
			isa = PBXGroup;
			children = (
				AB2DC84D236C47310037D043 /* Assets.xcassets */,
			);
			path = Resources;
			sourceTree = "<group>";
		};
		C90847CC23B15EEE2C434A71 /* Frameworks */ = {
			isa = PBXGroup;
			children = (
				ABE0C80A236DF96900D42841 /* libc++.tbd */,
				ABE0C7F1236DF0F200D42841 /* ImageIO.framework */,
				ABE0C7EF236DF0E300D42841 /* QuartzCore.framework */,
				ABE0C7ED236DF0D500D42841 /* CoreText.framework */,
				ABE0C7EB236DEF9F00D42841 /* UIKit.framework */,
				ABE0C7E9236DEF9800D42841 /* Foundation.framework */,
				ABE0C7E7236DEF0D00D42841 /* WebKit.framework */,
				ABE0C7E5236DEDCD00D42841 /* CoreGraphics.framework */,
				ABE0C7E3236DEDC200D42841 /* CoreTelephony.framework */,
				ABE0C7E1236DEDB600D42841 /* Security.framework */,
				ABE0C7DF236DEDAE00D42841 /* SystemConfiguration.framework */,
				ABE0C7DD236DEDA300D42841 /* libiconv.tbd */,
				ABE0C7DB236DED9500D42841 /* libsqlite3.tbd */,
				ABE0C7D9236DED8A00D42841 /* libz.tbd */,
				D8D80153B5C28980059C7404 /* Pods_ELKCommon_master.framework */,
			);
			name = Frameworks;
			sourceTree = "<group>";
		};
		D4A318AE498177B8A3E59258 /* Pods */ = {
			isa = PBXGroup;
			children = (
				9CE56F46A26DA2D72E9B0E02 /* Pods-ELKCommon-master.debug.xcconfig */,
				D8655F343ED8FA2FECA9DC2E /* Pods-ELKCommon-master.release.xcconfig */,
			);
			path = Pods;
			sourceTree = "<group>";
		};
/* End PBXGroup section */

/* Begin PBXNativeTarget section */
		AB2DC83D236C472F0037D043 /* ELKCommon-master */ = {
			isa = PBXNativeTarget;
			buildConfigurationList = AB2DC86D236C47310037D043 /* Build configuration list for PBXNativeTarget "ELKCommon-master" */;
			buildPhases = (
				FDD15302E53A5CF359A906F2 /* [CP] Check Pods Manifest.lock */,
				AB2DC83A236C472F0037D043 /* Sources */,
				AB2DC83B236C472F0037D043 /* Frameworks */,
				AB2DC83C236C472F0037D043 /* Resources */,
				3F6E42E0FA019859D784F88B /* [CP] Embed Pods Frameworks */,
			);
			buildRules = (
			);
			dependencies = (
			);
			name = "ELKCommon-master";
			productName = "ELKCommon-master";
			productReference = AB2DC83E236C47300037D043 /* ELKCommon-master.app */;
			productType = "com.apple.product-type.application";
		};
		AB2DC858236C47310037D043 /* ELKCommon-masterTests */ = {
			isa = PBXNativeTarget;
			buildConfigurationList = AB2DC870236C47310037D043 /* Build configuration list for PBXNativeTarget "ELKCommon-masterTests" */;
			buildPhases = (
				AB2DC855236C47310037D043 /* Sources */,
				AB2DC856236C47310037D043 /* Frameworks */,
				AB2DC857236C47310037D043 /* Resources */,
			);
			buildRules = (
			);
			dependencies = (
				AB2DC85B236C47310037D043 /* PBXTargetDependency */,
			);
			name = "ELKCommon-masterTests";
			productName = "ELKCommon-masterTests";
			productReference = AB2DC859236C47310037D043 /* ELKCommon-masterTests.xctest */;
			productType = "com.apple.product-type.bundle.unit-test";
		};
		AB2DC863236C47310037D043 /* ELKCommon-masterUITests */ = {
			isa = PBXNativeTarget;
			buildConfigurationList = AB2DC873236C47310037D043 /* Build configuration list for PBXNativeTarget "ELKCommon-masterUITests" */;
			buildPhases = (
				AB2DC860236C47310037D043 /* Sources */,
				AB2DC861236C47310037D043 /* Frameworks */,
				AB2DC862236C47310037D043 /* Resources */,
			);
			buildRules = (
			);
			dependencies = (
				AB2DC866236C47310037D043 /* PBXTargetDependency */,
			);
			name = "ELKCommon-masterUITests";
			productName = "ELKCommon-masterUITests";
			productReference = AB2DC864236C47310037D043 /* ELKCommon-masterUITests.xctest */;
			productType = "com.apple.product-type.bundle.ui-testing";
		};
/* End PBXNativeTarget section */

/* Begin PBXProject section */
		AB2DC836236C472F0037D043 /* Project object */ = {
			isa = PBXProject;
			attributes = {
				LastUpgradeCheck = 1120;
				ORGANIZATIONNAME = wing;
				TargetAttributes = {
					AB2DC83D236C472F0037D043 = {
						CreatedOnToolsVersion = 11.2;
					};
					AB2DC858236C47310037D043 = {
						CreatedOnToolsVersion = 11.2;
						TestTargetID = AB2DC83D236C472F0037D043;
					};
					AB2DC863236C47310037D043 = {
						CreatedOnToolsVersion = 11.2;
						TestTargetID = AB2DC83D236C472F0037D043;
					};
				};
			};
			buildConfigurationList = AB2DC839236C472F0037D043 /* Build configuration list for PBXProject "ELKCommon-master" */;
			compatibilityVersion = "Xcode 9.3";
			developmentRegion = en;
			hasScannedForEncodings = 0;
			knownRegions = (
				en,
				Base,
			);
			mainGroup = AB2DC835236C472F0037D043;
			productRefGroup = AB2DC83F236C47300037D043 /* Products */;
			projectDirPath = "";
			projectRoot = "";
			targets = (
				AB2DC83D236C472F0037D043 /* ELKCommon-master */,
				AB2DC858236C47310037D043 /* ELKCommon-masterTests */,
				AB2DC863236C47310037D043 /* ELKCommon-masterUITests */,
			);
		};
/* End PBXProject section */

/* Begin PBXResourcesBuildPhase section */
		AB2DC83C236C472F0037D043 /* Resources */ = {
			isa = PBXResourcesBuildPhase;
			buildActionMask = 2147483647;
			files = (
				AB2DC851236C47310037D043 /* LaunchScreen.storyboard in Resources */,
				AB2DC84E236C47310037D043 /* Assets.xcassets in Resources */,
				AB2DC84C236C47300037D043 /* Main.storyboard in Resources */,
				ABB1F5B323978FF100503B39 /* WeiboSDK.bundle in Resources */,
			);
			runOnlyForDeploymentPostprocessing = 0;
		};
		AB2DC857236C47310037D043 /* Resources */ = {
			isa = PBXResourcesBuildPhase;
			buildActionMask = 2147483647;
			files = (
			);
			runOnlyForDeploymentPostprocessing = 0;
		};
		AB2DC862236C47310037D043 /* Resources */ = {
			isa = PBXResourcesBuildPhase;
			buildActionMask = 2147483647;
			files = (
			);
			runOnlyForDeploymentPostprocessing = 0;
		};
/* End PBXResourcesBuildPhase section */

/* Begin PBXShellScriptBuildPhase section */
		3F6E42E0FA019859D784F88B /* [CP] Embed Pods Frameworks */ = {
			isa = PBXShellScriptBuildPhase;
			buildActionMask = 2147483647;
			files = (
			);
			inputFileListPaths = (
				"${PODS_ROOT}/Target Support Files/Pods-ELKCommon-master/Pods-ELKCommon-master-frameworks-${CONFIGURATION}-input-files.xcfilelist",
			);
			name = "[CP] Embed Pods Frameworks";
			outputFileListPaths = (
				"${PODS_ROOT}/Target Support Files/Pods-ELKCommon-master/Pods-ELKCommon-master-frameworks-${CONFIGURATION}-output-files.xcfilelist",
			);
			runOnlyForDeploymentPostprocessing = 0;
			shellPath = /bin/sh;
			shellScript = "\"${PODS_ROOT}/Target Support Files/Pods-ELKCommon-master/Pods-ELKCommon-master-frameworks.sh\"\n";
			showEnvVarsInLog = 0;
		};
		FDD15302E53A5CF359A906F2 /* [CP] Check Pods Manifest.lock */ = {
			isa = PBXShellScriptBuildPhase;
			buildActionMask = 2147483647;
			files = (
			);
			inputFileListPaths = (
			);
			inputPaths = (
				"${PODS_PODFILE_DIR_PATH}/Podfile.lock",
				"${PODS_ROOT}/Manifest.lock",
			);
			name = "[CP] Check Pods Manifest.lock";
			outputFileListPaths = (
			);
			outputPaths = (
				"$(DERIVED_FILE_DIR)/Pods-ELKCommon-master-checkManifestLockResult.txt",
			);
			runOnlyForDeploymentPostprocessing = 0;
			shellPath = /bin/sh;
			shellScript = "diff \"${PODS_PODFILE_DIR_PATH}/Podfile.lock\" \"${PODS_ROOT}/Manifest.lock\" > /dev/null\nif [ $? != 0 ] ; then\n    # print error to STDERR\n    echo \"error: The sandbox is not in sync with the Podfile.lock. Run 'pod install' or update your CocoaPods installation.\" >&2\n    exit 1\nfi\n# This output is used by Xcode 'outputs' to avoid re-running this script phase.\necho \"SUCCESS\" > \"${SCRIPT_OUTPUT_FILE_0}\"\n";
			showEnvVarsInLog = 0;
		};
/* End PBXShellScriptBuildPhase section */

/* Begin PBXSourcesBuildPhase section */
		AB2DC83A236C472F0037D043 /* Sources */ = {
			isa = PBXSourcesBuildPhase;
			buildActionMask = 2147483647;
			files = (
				AB2DC849236C47300037D043 /* ARootViewController.m in Sources */,
				ABE0C7B7236DE4DA00D42841 /* ELKSinaShareModel.m in Sources */,
				ABE0C7B4236DE4DA00D42841 /* ELKWeChatSDKMaster.m in Sources */,
				ABE0C7AC236DE4DA00D42841 /* UIImage+ELKMCommon.m in Sources */,
				ABE0C7B1236DE4DA00D42841 /* ELKWeChatPayModel.m in Sources */,
				ABE0C7B6236DE4DA00D42841 /* ELKSinaUserInfo.m in Sources */,
				AB2DC843236C47300037D043 /* AppDelegate.m in Sources */,
				AB2DC854236C47310037D043 /* main.m in Sources */,
				ABE0C7B2236DE4DA00D42841 /* ELKWeChatUserInfo.m in Sources */,
				ABE0C7AF236DE4DA00D42841 /* ELKTencentUserInfo.m in Sources */,
				ABE0C7B0236DE4DA00D42841 /* ELKCommonMaster.m in Sources */,
				ABE0C7AE236DE4DA00D42841 /* ELKTencentShareModel.m in Sources */,
				ABE0C7B5236DE4DA00D42841 /* ELKSinaSDKMaster.m in Sources */,
				ABE0C7B3236DE4DA00D42841 /* ELKWeChatShareModel.m in Sources */,
				ABE0C7AD236DE4DA00D42841 /* ELKTencentSDKMaster.m in Sources */,
			);
			runOnlyForDeploymentPostprocessing = 0;
		};
		AB2DC855236C47310037D043 /* Sources */ = {
			isa = PBXSourcesBuildPhase;
			buildActionMask = 2147483647;
			files = (
				AB2DC85E236C47310037D043 /* ELKCommon_masterTests.m in Sources */,
			);
			runOnlyForDeploymentPostprocessing = 0;
		};
		AB2DC860236C47310037D043 /* Sources */ = {
			isa = PBXSourcesBuildPhase;
			buildActionMask = 2147483647;
			files = (
				AB2DC869236C47310037D043 /* ELKCommon_masterUITests.m in Sources */,
			);
			runOnlyForDeploymentPostprocessing = 0;
		};
/* End PBXSourcesBuildPhase section */

/* Begin PBXTargetDependency section */
		AB2DC85B236C47310037D043 /* PBXTargetDependency */ = {
			isa = PBXTargetDependency;
			target = AB2DC83D236C472F0037D043 /* ELKCommon-master */;
			targetProxy = AB2DC85A236C47310037D043 /* PBXContainerItemProxy */;
		};
		AB2DC866236C47310037D043 /* PBXTargetDependency */ = {
			isa = PBXTargetDependency;
			target = AB2DC83D236C472F0037D043 /* ELKCommon-master */;
			targetProxy = AB2DC865236C47310037D043 /* PBXContainerItemProxy */;
		};
/* End PBXTargetDependency section */

/* Begin PBXVariantGroup section */
		AB2DC84A236C47300037D043 /* Main.storyboard */ = {
			isa = PBXVariantGroup;
			children = (
				AB2DC84B236C47300037D043 /* Base */,
			);
			name = Main.storyboard;
			sourceTree = "<group>";
		};
		AB2DC84F236C47310037D043 /* LaunchScreen.storyboard */ = {
			isa = PBXVariantGroup;
			children = (
				AB2DC850236C47310037D043 /* Base */,
			);
			name = LaunchScreen.storyboard;
			sourceTree = "<group>";
		};
/* End PBXVariantGroup section */

/* Begin XCBuildConfiguration section */
		AB2DC86B236C47310037D043 /* Debug */ = {
			isa = XCBuildConfiguration;
			buildSettings = {
				ALWAYS_SEARCH_USER_PATHS = NO;
				CLANG_ANALYZER_NONNULL = YES;
				CLANG_ANALYZER_NUMBER_OBJECT_CONVERSION = YES_AGGRESSIVE;
				CLANG_CXX_LANGUAGE_STANDARD = "gnu++14";
				CLANG_CXX_LIBRARY = "libc++";
				CLANG_ENABLE_MODULES = YES;
				CLANG_ENABLE_OBJC_ARC = YES;
				CLANG_ENABLE_OBJC_WEAK = YES;
				CLANG_WARN_BLOCK_CAPTURE_AUTORELEASING = YES;
				CLANG_WARN_BOOL_CONVERSION = YES;
				CLANG_WARN_COMMA = YES;
				CLANG_WARN_CONSTANT_CONVERSION = YES;
				CLANG_WARN_DEPRECATED_OBJC_IMPLEMENTATIONS = YES;
				CLANG_WARN_DIRECT_OBJC_ISA_USAGE = YES_ERROR;
				CLANG_WARN_DOCUMENTATION_COMMENTS = YES;
				CLANG_WARN_EMPTY_BODY = YES;
				CLANG_WARN_ENUM_CONVERSION = YES;
				CLANG_WARN_INFINITE_RECURSION = YES;
				CLANG_WARN_INT_CONVERSION = YES;
				CLANG_WARN_NON_LITERAL_NULL_CONVERSION = YES;
				CLANG_WARN_OBJC_IMPLICIT_RETAIN_SELF = YES;
				CLANG_WARN_OBJC_LITERAL_CONVERSION = YES;
				CLANG_WARN_OBJC_ROOT_CLASS = YES_ERROR;
				CLANG_WARN_RANGE_LOOP_ANALYSIS = YES;
				CLANG_WARN_STRICT_PROTOTYPES = YES;
				CLANG_WARN_SUSPICIOUS_MOVE = YES;
				CLANG_WARN_UNGUARDED_AVAILABILITY = YES_AGGRESSIVE;
				CLANG_WARN_UNREACHABLE_CODE = YES;
				CLANG_WARN__DUPLICATE_METHOD_MATCH = YES;
				COPY_PHASE_STRIP = NO;
				DEBUG_INFORMATION_FORMAT = dwarf;
				ENABLE_STRICT_OBJC_MSGSEND = YES;
				ENABLE_TESTABILITY = YES;
				GCC_C_LANGUAGE_STANDARD = gnu11;
				GCC_DYNAMIC_NO_PIC = NO;
				GCC_NO_COMMON_BLOCKS = YES;
				GCC_OPTIMIZATION_LEVEL = 0;
				GCC_PREPROCESSOR_DEFINITIONS = (
					"DEBUG=1",
					"$(inherited)",
				);
				GCC_WARN_64_TO_32_BIT_CONVERSION = YES;
				GCC_WARN_ABOUT_RETURN_TYPE = YES_ERROR;
				GCC_WARN_UNDECLARED_SELECTOR = YES;
				GCC_WARN_UNINITIALIZED_AUTOS = YES_AGGRESSIVE;
				GCC_WARN_UNUSED_FUNCTION = YES;
				GCC_WARN_UNUSED_VARIABLE = YES;
				IPHONEOS_DEPLOYMENT_TARGET = 13.2;
				MTL_ENABLE_DEBUG_INFO = INCLUDE_SOURCE;
				MTL_FAST_MATH = YES;
				ONLY_ACTIVE_ARCH = YES;
				SDKROOT = iphoneos;
			};
			name = Debug;
		};
		AB2DC86C236C47310037D043 /* Release */ = {
			isa = XCBuildConfiguration;
			buildSettings = {
				ALWAYS_SEARCH_USER_PATHS = NO;
				CLANG_ANALYZER_NONNULL = YES;
				CLANG_ANALYZER_NUMBER_OBJECT_CONVERSION = YES_AGGRESSIVE;
				CLANG_CXX_LANGUAGE_STANDARD = "gnu++14";
				CLANG_CXX_LIBRARY = "libc++";
				CLANG_ENABLE_MODULES = YES;
				CLANG_ENABLE_OBJC_ARC = YES;
				CLANG_ENABLE_OBJC_WEAK = YES;
				CLANG_WARN_BLOCK_CAPTURE_AUTORELEASING = YES;
				CLANG_WARN_BOOL_CONVERSION = YES;
				CLANG_WARN_COMMA = YES;
				CLANG_WARN_CONSTANT_CONVERSION = YES;
				CLANG_WARN_DEPRECATED_OBJC_IMPLEMENTATIONS = YES;
				CLANG_WARN_DIRECT_OBJC_ISA_USAGE = YES_ERROR;
				CLANG_WARN_DOCUMENTATION_COMMENTS = YES;
				CLANG_WARN_EMPTY_BODY = YES;
				CLANG_WARN_ENUM_CONVERSION = YES;
				CLANG_WARN_INFINITE_RECURSION = YES;
				CLANG_WARN_INT_CONVERSION = YES;
				CLANG_WARN_NON_LITERAL_NULL_CONVERSION = YES;
				CLANG_WARN_OBJC_IMPLICIT_RETAIN_SELF = YES;
				CLANG_WARN_OBJC_LITERAL_CONVERSION = YES;
				CLANG_WARN_OBJC_ROOT_CLASS = YES_ERROR;
				CLANG_WARN_RANGE_LOOP_ANALYSIS = YES;
				CLANG_WARN_STRICT_PROTOTYPES = YES;
				CLANG_WARN_SUSPICIOUS_MOVE = YES;
				CLANG_WARN_UNGUARDED_AVAILABILITY = YES_AGGRESSIVE;
				CLANG_WARN_UNREACHABLE_CODE = YES;
				CLANG_WARN__DUPLICATE_METHOD_MATCH = YES;
				COPY_PHASE_STRIP = NO;
				DEBUG_INFORMATION_FORMAT = "dwarf-with-dsym";
				ENABLE_NS_ASSERTIONS = NO;
				ENABLE_STRICT_OBJC_MSGSEND = YES;
				GCC_C_LANGUAGE_STANDARD = gnu11;
				GCC_NO_COMMON_BLOCKS = YES;
				GCC_WARN_64_TO_32_BIT_CONVERSION = YES;
				GCC_WARN_ABOUT_RETURN_TYPE = YES_ERROR;
				GCC_WARN_UNDECLARED_SELECTOR = YES;
				GCC_WARN_UNINITIALIZED_AUTOS = YES_AGGRESSIVE;
				GCC_WARN_UNUSED_FUNCTION = YES;
				GCC_WARN_UNUSED_VARIABLE = YES;
				IPHONEOS_DEPLOYMENT_TARGET = 13.2;
				MTL_ENABLE_DEBUG_INFO = NO;
				MTL_FAST_MATH = YES;
				SDKROOT = iphoneos;
				VALIDATE_PRODUCT = YES;
			};
			name = Release;
		};
		AB2DC86E236C47310037D043 /* Debug */ = {
			isa = XCBuildConfiguration;
			baseConfigurationReference = 9CE56F46A26DA2D72E9B0E02 /* Pods-ELKCommon-master.debug.xcconfig */;
			buildSettings = {
				ASSETCATALOG_COMPILER_APPICON_NAME = AppIcon;
				CODE_SIGN_STYLE = Automatic;
				DEVELOPMENT_TEAM = J8BTB638K2;
				FRAMEWORK_SEARCH_PATHS = (
					"$(inherited)",
					"$(PROJECT_DIR)/ELKCommonMaster/ELKTencent/TencentSDK",
					"$(PROJECT_DIR)/ELKCommonSDK/TencentSDK",
					"$(PROJECT_DIR)/ELKCommonSDK/ELKTencentSDK",
				);
				GCC_PREFIX_HEADER = "ELKCommon-master/Others/ELKPrefixHeader.pch";
				INFOPLIST_FILE = "ELKCommon-master/Others/Info.plist";
				IPHONEOS_DEPLOYMENT_TARGET = 9.0;
				LD_RUNPATH_SEARCH_PATHS = (
					"$(inherited)",
					"@executable_path/Frameworks",
				);
				LIBRARY_SEARCH_PATHS = (
					"$(inherited)",
					"$(PROJECT_DIR)/ELKCommonMaster/ELKSina/SinaSDK",
					"$(PROJECT_DIR)/ELKCommonMaster/ELKWeChat/WeChatSDK",
					"$(PROJECT_DIR)/ELKCommonSDK/WeChatSDK",
					"$(PROJECT_DIR)/ELKCommonSDK/SinaSDK",
					"$(PROJECT_DIR)/ELKCommonSDK/ELKSinaSDK",
					"$(PROJECT_DIR)/ELKCommonSDK/ELKWeChatSDK",
				);
				OTHER_LDFLAGS = (
					"$(inherited)",
					"-framework",
					"\"ELKChainedAlloy\"",
					"-framework",
					"\"Foundation\"",
					"-framework",
					"\"Masonry\"",
					"-framework",
					"\"UIKit\"",
					"-ObjC",
				);
				PRODUCT_BUNDLE_IDENTIFIER = com.stardream.chenhe.com;
				PRODUCT_NAME = "$(TARGET_NAME)";
				TARGETED_DEVICE_FAMILY = 1;
			};
			name = Debug;
		};
		AB2DC86F236C47310037D043 /* Release */ = {
			isa = XCBuildConfiguration;
			baseConfigurationReference = D8655F343ED8FA2FECA9DC2E /* Pods-ELKCommon-master.release.xcconfig */;
			buildSettings = {
				ASSETCATALOG_COMPILER_APPICON_NAME = AppIcon;
				CODE_SIGN_STYLE = Automatic;
				DEVELOPMENT_TEAM = J8BTB638K2;
				FRAMEWORK_SEARCH_PATHS = (
					"$(inherited)",
					"$(PROJECT_DIR)/ELKCommonMaster/ELKTencent/TencentSDK",
					"$(PROJECT_DIR)/ELKCommonSDK/TencentSDK",
					"$(PROJECT_DIR)/ELKCommonSDK/ELKTencentSDK",
				);
				GCC_PREFIX_HEADER = "ELKCommon-master/Others/ELKPrefixHeader.pch";
				INFOPLIST_FILE = "ELKCommon-master/Others/Info.plist";
				IPHONEOS_DEPLOYMENT_TARGET = 9.0;
				LD_RUNPATH_SEARCH_PATHS = (
					"$(inherited)",
					"@executable_path/Frameworks",
				);
				LIBRARY_SEARCH_PATHS = (
					"$(inherited)",
					"$(PROJECT_DIR)/ELKCommonMaster/ELKSina/SinaSDK",
					"$(PROJECT_DIR)/ELKCommonMaster/ELKWeChat/WeChatSDK",
					"$(PROJECT_DIR)/ELKCommonSDK/WeChatSDK",
					"$(PROJECT_DIR)/ELKCommonSDK/SinaSDK",
					"$(PROJECT_DIR)/ELKCommonSDK/ELKSinaSDK",
					"$(PROJECT_DIR)/ELKCommonSDK/ELKWeChatSDK",
				);
				OTHER_LDFLAGS = (
					"$(inherited)",
					"-framework",
					"\"ELKChainedAlloy\"",
					"-framework",
					"\"Foundation\"",
					"-framework",
					"\"Masonry\"",
					"-framework",
					"\"UIKit\"",
					"-ObjC",
				);
				PRODUCT_BUNDLE_IDENTIFIER = com.stardream.chenhe.com;
				PRODUCT_NAME = "$(TARGET_NAME)";
				TARGETED_DEVICE_FAMILY = 1;
			};
			name = Release;
		};
		AB2DC871236C47310037D043 /* Debug */ = {
			isa = XCBuildConfiguration;
			buildSettings = {
				BUNDLE_LOADER = "$(TEST_HOST)";
				CODE_SIGN_STYLE = Automatic;
				DEVELOPMENT_TEAM = J8BTB638K2;
				INFOPLIST_FILE = "ELKCommon-masterTests/Info.plist";
				IPHONEOS_DEPLOYMENT_TARGET = 13.2;
				LD_RUNPATH_SEARCH_PATHS = (
					"$(inherited)",
					"@executable_path/Frameworks",
					"@loader_path/Frameworks",
				);
				PRODUCT_BUNDLE_IDENTIFIER = "com.elk.ELKCommon-masterTests";
				PRODUCT_NAME = "$(TARGET_NAME)";
				TARGETED_DEVICE_FAMILY = "1,2";
				TEST_HOST = "$(BUILT_PRODUCTS_DIR)/ELKCommon-master.app/ELKCommon-master";
			};
			name = Debug;
		};
		AB2DC872236C47310037D043 /* Release */ = {
			isa = XCBuildConfiguration;
			buildSettings = {
				BUNDLE_LOADER = "$(TEST_HOST)";
				CODE_SIGN_STYLE = Automatic;
				DEVELOPMENT_TEAM = J8BTB638K2;
				INFOPLIST_FILE = "ELKCommon-masterTests/Info.plist";
				IPHONEOS_DEPLOYMENT_TARGET = 13.2;
				LD_RUNPATH_SEARCH_PATHS = (
					"$(inherited)",
					"@executable_path/Frameworks",
					"@loader_path/Frameworks",
				);
				PRODUCT_BUNDLE_IDENTIFIER = "com.elk.ELKCommon-masterTests";
				PRODUCT_NAME = "$(TARGET_NAME)";
				TARGETED_DEVICE_FAMILY = "1,2";
				TEST_HOST = "$(BUILT_PRODUCTS_DIR)/ELKCommon-master.app/ELKCommon-master";
			};
			name = Release;
		};
		AB2DC874236C47310037D043 /* Debug */ = {
			isa = XCBuildConfiguration;
			buildSettings = {
				CODE_SIGN_STYLE = Automatic;
				DEVELOPMENT_TEAM = J8BTB638K2;
				INFOPLIST_FILE = "ELKCommon-masterUITests/Info.plist";
				LD_RUNPATH_SEARCH_PATHS = (
					"$(inherited)",
					"@executable_path/Frameworks",
					"@loader_path/Frameworks",
				);
				PRODUCT_BUNDLE_IDENTIFIER = "com.elk.ELKCommon-masterUITests";
				PRODUCT_NAME = "$(TARGET_NAME)";
				TARGETED_DEVICE_FAMILY = "1,2";
				TEST_TARGET_NAME = "ELKCommon-master";
			};
			name = Debug;
		};
		AB2DC875236C47310037D043 /* Release */ = {
			isa = XCBuildConfiguration;
			buildSettings = {
				CODE_SIGN_STYLE = Automatic;
				DEVELOPMENT_TEAM = J8BTB638K2;
				INFOPLIST_FILE = "ELKCommon-masterUITests/Info.plist";
				LD_RUNPATH_SEARCH_PATHS = (
					"$(inherited)",
					"@executable_path/Frameworks",
					"@loader_path/Frameworks",
				);
				PRODUCT_BUNDLE_IDENTIFIER = "com.elk.ELKCommon-masterUITests";
				PRODUCT_NAME = "$(TARGET_NAME)";
				TARGETED_DEVICE_FAMILY = "1,2";
				TEST_TARGET_NAME = "ELKCommon-master";
			};
			name = Release;
		};
/* End XCBuildConfiguration section */

/* Begin XCConfigurationList section */
		AB2DC839236C472F0037D043 /* Build configuration list for PBXProject "ELKCommon-master" */ = {
			isa = XCConfigurationList;
			buildConfigurations = (
				AB2DC86B236C47310037D043 /* Debug */,
				AB2DC86C236C47310037D043 /* Release */,
			);
			defaultConfigurationIsVisible = 0;
			defaultConfigurationName = Release;
		};
		AB2DC86D236C47310037D043 /* Build configuration list for PBXNativeTarget "ELKCommon-master" */ = {
			isa = XCConfigurationList;
			buildConfigurations = (
				AB2DC86E236C47310037D043 /* Debug */,
				AB2DC86F236C47310037D043 /* Release */,
			);
			defaultConfigurationIsVisible = 0;
			defaultConfigurationName = Release;
		};
		AB2DC870236C47310037D043 /* Build configuration list for PBXNativeTarget "ELKCommon-masterTests" */ = {
			isa = XCConfigurationList;
			buildConfigurations = (
				AB2DC871236C47310037D043 /* Debug */,
				AB2DC872236C47310037D043 /* Release */,
			);
			defaultConfigurationIsVisible = 0;
			defaultConfigurationName = Release;
		};
		AB2DC873236C47310037D043 /* Build configuration list for PBXNativeTarget "ELKCommon-masterUITests" */ = {
			isa = XCConfigurationList;
			buildConfigurations = (
				AB2DC874236C47310037D043 /* Debug */,
				AB2DC875236C47310037D043 /* Release */,
			);
			defaultConfigurationIsVisible = 0;
			defaultConfigurationName = Release;
		};
/* End XCConfigurationList section */
	};
	rootObject = AB2DC836236C472F0037D043 /* Project object */;
}
